{
  "version": "2",
  "remote": {
    "https://deno.land/std@0.140.0/_util/assert.ts": "e94f2eb37cebd7f199952e242c77654e43333c1ac4c5c700e929ea3aa5489f74",
    "https://deno.land/std@0.140.0/_util/os.ts": "3b4c6e27febd119d36a416d7a97bd3b0251b77c88942c8f16ee5953ea13e2e49",
    "https://deno.land/std@0.140.0/bytes/bytes_list.ts": "67eb118e0b7891d2f389dad4add35856f4ad5faab46318ff99653456c23b025d",
    "https://deno.land/std@0.140.0/bytes/equals.ts": "fc16dff2090cced02497f16483de123dfa91e591029f985029193dfaa9d894c9",
    "https://deno.land/std@0.140.0/bytes/mod.ts": "763f97d33051cc3f28af1a688dfe2830841192a9fea0cbaa55f927b49d49d0bf",
    "https://deno.land/std@0.140.0/fmt/colors.ts": "30455035d6d728394781c10755351742dd731e3db6771b1843f9b9e490104d37",
    "https://deno.land/std@0.140.0/fs/_util.ts": "0fb24eb4bfebc2c194fb1afdb42b9c3dda12e368f43e8f2321f84fc77d42cb0f",
    "https://deno.land/std@0.140.0/fs/ensure_dir.ts": "9dc109c27df4098b9fc12d949612ae5c9c7169507660dcf9ad90631833209d9d",
    "https://deno.land/std@0.140.0/hash/sha256.ts": "803846c7a5a8a5a97f31defeb37d72f519086c880837129934f5d6f72102a8e8",
    "https://deno.land/std@0.140.0/io/buffer.ts": "bd0c4bf53db4b4be916ca5963e454bddfd3fcd45039041ea161dbf826817822b",
    "https://deno.land/std@0.140.0/io/types.d.ts": "01f60ae7ec02675b5dbed150d258fc184a78dfe5c209ef53ba4422b46b58822c",
    "https://deno.land/std@0.140.0/path/_constants.ts": "df1db3ffa6dd6d1252cc9617e5d72165cd2483df90e93833e13580687b6083c3",
    "https://deno.land/std@0.140.0/path/_interface.ts": "ee3b431a336b80cf445441109d089b70d87d5e248f4f90ff906820889ecf8d09",
    "https://deno.land/std@0.140.0/path/_util.ts": "c1e9686d0164e29f7d880b2158971d805b6e0efc3110d0b3e24e4b8af2190d2b",
    "https://deno.land/std@0.140.0/path/common.ts": "bee563630abd2d97f99d83c96c2fa0cca7cee103e8cb4e7699ec4d5db7bd2633",
    "https://deno.land/std@0.140.0/path/glob.ts": "cb5255638de1048973c3e69e420c77dc04f75755524cb3b2e160fe9277d939ee",
    "https://deno.land/std@0.140.0/path/mod.ts": "d3e68d0abb393fb0bf94a6d07c46ec31dc755b544b13144dee931d8d5f06a52d",
    "https://deno.land/std@0.140.0/path/posix.ts": "293cdaec3ecccec0a9cc2b534302dfe308adb6f10861fa183275d6695faace44",
    "https://deno.land/std@0.140.0/path/separator.ts": "fe1816cb765a8068afb3e8f13ad272351c85cbc739af56dacfc7d93d710fe0f9",
    "https://deno.land/std@0.140.0/path/win32.ts": "31811536855e19ba37a999cd8d1b62078235548d67902ece4aa6b814596dd757",
    "https://deno.land/std@0.140.0/streams/conversion.ts": "712585bfa0172a97fb68dd46e784ae8ad59d11b88079d6a4ab098ff42e697d21",
    "https://deno.land/std@0.165.0/_util/asserts.ts": "d0844e9b62510f89ce1f9878b046f6a57bf88f208a10304aab50efcb48365272",
    "https://deno.land/std@0.165.0/_util/os.ts": "8a33345f74990e627b9dfe2de9b040004b08ea5146c7c9e8fe9a29070d193934",
    "https://deno.land/std@0.165.0/async/abortable.ts": "87aa7230be8360c24ad437212311c9e8d4328854baec27b4c7abb26e85515c06",
    "https://deno.land/std@0.165.0/async/deadline.ts": "48ac998d7564969f3e6ec6b6f9bf0217ebd00239b1b2292feba61272d5dd58d0",
    "https://deno.land/std@0.165.0/async/debounce.ts": "dc8b92d4a4fe7eac32c924f2b8d3e62112530db70cadce27042689d82970b350",
    "https://deno.land/std@0.165.0/async/deferred.ts": "d8fb253ffde2a056e4889ef7e90f3928f28be9f9294b6505773d33f136aab4e6",
    "https://deno.land/std@0.165.0/async/delay.ts": "0419dfc993752849692d1f9647edf13407c7facc3509b099381be99ffbc9d699",
    "https://deno.land/std@0.165.0/async/mod.ts": "dd0a8ed4f3984ffabe2fcca7c9f466b7932d57b1864ffee148a5d5388316db6b",
    "https://deno.land/std@0.165.0/async/mux_async_iterator.ts": "3447b28a2a582224a3d4d3596bccbba6e85040da3b97ed64012f7decce98d093",
    "https://deno.land/std@0.165.0/async/pool.ts": "ef9eb97b388543acbf0ac32647121e4dbe629236899586c4d4311a8770fbb239",
    "https://deno.land/std@0.165.0/async/tee.ts": "9af3a3e7612af75861308b52249e167f5ebc3dcfc8a1a4d45462d96606ee2b70",
    "https://deno.land/std@0.165.0/bytes/bytes_list.ts": "aba5e2369e77d426b10af1de0dcc4531acecec27f9b9056f4f7bfbf8ac147ab4",
    "https://deno.land/std@0.165.0/bytes/equals.ts": "3c3558c3ae85526f84510aa2b48ab2ad7bdd899e2e0f5b7a8ffc85acb3a6043a",
    "https://deno.land/std@0.165.0/bytes/mod.ts": "b2e342fd3669176a27a4e15061e9d588b89c1aaf5008ab71766e23669565d179",
    "https://deno.land/std@0.165.0/crypto/timing_safe_equal.ts": "3784958e40a5fe10429a68b75cc5f8d34356bf0bc2eb93c80c3033e2a6f17821",
    "https://deno.land/std@0.165.0/encoding/base64.ts": "c57868ca7fa2fbe919f57f88a623ad34e3d970d675bdc1ff3a9d02bba7409db2",
    "https://deno.land/std@0.165.0/encoding/base64url.ts": "a5f82a9fa703bd85a5eb8e7c1296bc6529e601ebd9642cc2b5eaa6b38fa9e05a",
    "https://deno.land/std@0.165.0/flags/mod.ts": "3b459daf581e047819b6b799c92b96c81b4eecbd5ea025643d54dc0abc6ac923",
    "https://deno.land/std@0.165.0/fs/eol.ts": "65b1e27320c3eec6fb653b27e20056ee3d015d3e91db388cfefa41616ebc7cb3",
    "https://deno.land/std@0.165.0/io/buffer.ts": "245f1762a949082ddc0a6e9b15589d0be2d29c150266decd04320b8a8318f9f6",
    "https://deno.land/std@0.165.0/io/types.d.ts": "107e1e64834c5ba917c783f446b407d33432c5d612c4b3430df64fc2b4ecf091",
    "https://deno.land/std@0.165.0/node/_core.ts": "cd45c0cfa412ff57762b600710574a46f923dfa372003d9dfe52304000393b9b",
    "https://deno.land/std@0.165.0/node/_events.d.ts": "3899ee9c37055fbb750e32cb43d7c435077c04446af948300080e1a590c6edf0",
    "https://deno.land/std@0.165.0/node/_events.mjs": "303e8aa60ace559e4ca0d19e8475f87311bee9e8330b4b497644d70f2002fc27",
    "https://deno.land/std@0.165.0/node/_global.d.ts": "6dadaf8cec2a0c506b22170617286e0bdc80be53dd0673e67fc7dd37a1130c68",
    "https://deno.land/std@0.165.0/node/_next_tick.ts": "81c1826675493b76f90c646fb1274a4c84b5cc913a80ca4526c32cd7c46a0b06",
    "https://deno.land/std@0.165.0/node/_process/exiting.ts": "bc9694769139ffc596f962087155a8bfef10101d03423b9dcbc51ce6e1f88fce",
    "https://deno.land/std@0.165.0/node/_process/process.ts": "d5bf113a4b62f4abe4cb7ec5a9d00d44dac0ad9e82a23d00cc27d71e05ae8b66",
    "https://deno.land/std@0.165.0/node/_process/stdio.mjs": "971c3b086040d8521562155db13f22f9971d5c42c852b2081d4d2f0d8b6ab6bd",
    "https://deno.land/std@0.165.0/node/_process/streams.mjs": "3ce63d9eb24a8a8ec45eeebf5c184b43d888064f663f87e8f453888368e00f90",
    "https://deno.land/std@0.165.0/node/_stream.d.ts": "83e9da2f81de3205926f1e86ba54442aa5a3caf4c5e84a4c8699402ad340142b",
    "https://deno.land/std@0.165.0/node/_stream.mjs": "9a80217d9734f6e4284aae0ea55dd82b243f5517bc1814e983ad41b01732f712",
    "https://deno.land/std@0.165.0/node/_utils.ts": "1085a229e910b3a6672f3c3be05507591811dc67be2ae2188e9fc9ef4376b172",
    "https://deno.land/std@0.165.0/node/buffer.ts": "43f07b2d1523345bf35b7deb7fcdad6e916020a631a7bc1b5efcaff556db4e1d",
    "https://deno.land/std@0.165.0/node/events.ts": "f848398d3591534ca94ac6b852a9f3c4dbb2da310c3a26059cf4ff06b7eae088",
    "https://deno.land/std@0.165.0/node/internal/buffer.d.ts": "90f674081428a61978b6d481c5f557ff743a3f4a85d7ae113caab48fdf5b8a63",
    "https://deno.land/std@0.165.0/node/internal/buffer.mjs": "70b74b34f1617b3492aee6dec35c7bdabbf26e034bfcf640aa61b3d63c5c850f",
    "https://deno.land/std@0.165.0/node/internal/crypto/_keys.ts": "63229ff3d8d15b5bd0a1d2ebc19313cbb8ac969875bf16df1ce4f2b497d74fb5",
    "https://deno.land/std@0.165.0/node/internal/crypto/constants.ts": "d2c8821977aef55e4d66414d623c24a2447791a8b49b6404b8db32d81e20c315",
    "https://deno.land/std@0.165.0/node/internal/error_codes.ts": "ac03c4eae33de3a69d6c98e8678003207eecf75a6900eb847e3fea3c8c9e6d8f",
    "https://deno.land/std@0.165.0/node/internal/errors.ts": "b9aec7d1fe3eaf21322d0ea9dc2fcb344055d6b0c7a1bd0f62a0c379a5baa799",
    "https://deno.land/std@0.165.0/node/internal/fixed_queue.ts": "455b3c484de48e810b13bdf95cd1658ecb1ba6bcb8b9315ffe994efcde3ba5f5",
    "https://deno.land/std@0.165.0/node/internal/hide_stack_frames.ts": "a91962ec84610bc7ec86022c4593cdf688156a5910c07b5bcd71994225c13a03",
    "https://deno.land/std@0.165.0/node/internal/net.ts": "1239886cd2508a68624c2dae8abf895e8aa3bb15a748955349f9ac5539032238",
    "https://deno.land/std@0.165.0/node/internal/normalize_encoding.mjs": "3779ec8a7adf5d963b0224f9b85d1bc974a2ec2db0e858396b5d3c2c92138a0a",
    "https://deno.land/std@0.165.0/node/internal/options.ts": "a23c285975e058cb26a19abcb048cd8b46ab12d21cfb028868ac8003fffb43ac",
    "https://deno.land/std@0.165.0/node/internal/primordials.mjs": "7cf5afe471583e4a384eeea109bdff276b6b7f3a3af830f99f951fb7d57ef423",
    "https://deno.land/std@0.165.0/node/internal/process/per_thread.mjs": "bc1be72a6a662bf81573c20fe74893374847a7302065ddf52fb3fb2af505f31f",
    "https://deno.land/std@0.165.0/node/internal/readline/callbacks.mjs": "17d9270a54fb5dceea8f894669e3401e5c6260bab075a1e9675a62f1fef50d8c",
    "https://deno.land/std@0.165.0/node/internal/readline/utils.mjs": "a93ebb99f85e0dbb4f05f4aff5583d12a15150e45c335e4ecf925e1879dc9c84",
    "https://deno.land/std@0.165.0/node/internal/streams/destroy.mjs": "9c9bbeb172a437041d529829f433df72cf0b63ae49f3ee6080a55ffbef7572ad",
    "https://deno.land/std@0.165.0/node/internal/streams/end-of-stream.mjs": "38be76eaceac231dfde643e72bc0940625446bf6d1dbd995c91c5ba9fd59b338",
    "https://deno.land/std@0.165.0/node/internal/streams/utils.mjs": "a0a6b93a7e68ef52bef4ed00b0c82bb7e335abf360af57335b07c6a3fcdde717",
    "https://deno.land/std@0.165.0/node/internal/util.mjs": "35d24fb775468cd24443bcf0ec68904b8aa44e5b53845491a5e3382421917f9a",
    "https://deno.land/std@0.165.0/node/internal/util/inspect.mjs": "1ddace0c97719d2cc0869ba177d375e96051301352ec235cbfb2ecbfcd4e8fba",
    "https://deno.land/std@0.165.0/node/internal/util/types.ts": "de6e2b7f9b9985ab881b1e78f05ae51d1fc829ae1584063df21e57b35312f3c4",
    "https://deno.land/std@0.165.0/node/internal/validators.mjs": "67deae0f488d013c8bf485742a5478112b8e48837cb2458c4a8b2669cf7017db",
    "https://deno.land/std@0.165.0/node/internal_binding/_libuv_winerror.ts": "801e05c2742ae6cd42a5f0fd555a255a7308a65732551e962e5345f55eedc519",
    "https://deno.land/std@0.165.0/node/internal_binding/_listen.ts": "c15a356ef4758770fc72d3ca4db33f0cc321016df1aafb927c027c0d73ac2c42",
    "https://deno.land/std@0.165.0/node/internal_binding/_node.ts": "e4075ba8a37aef4eb5b592c8e3807c39cb49ca8653faf8e01a43421938076c1b",
    "https://deno.land/std@0.165.0/node/internal_binding/_timingSafeEqual.ts": "80640f055101071cb3680a2d8a1fead5fd260ca8bf183efb94296b69463e06cd",
    "https://deno.land/std@0.165.0/node/internal_binding/_utils.ts": "1c50883b5751a9ea1b38951e62ed63bacfdc9d69ea665292edfa28e1b1c5bd94",
    "https://deno.land/std@0.165.0/node/internal_binding/_winerror.ts": "8811d4be66f918c165370b619259c1f35e8c3e458b8539db64c704fbde0a7cd2",
    "https://deno.land/std@0.165.0/node/internal_binding/ares.ts": "33ff8275bc11751219af8bd149ea221c442d7e8676e3e9f20ccb0e1f0aac61b8",
    "https://deno.land/std@0.165.0/node/internal_binding/async_wrap.ts": "b83e4021a4854b2e13720f96d21edc11f9905251c64c1bc625a361f574400959",
    "https://deno.land/std@0.165.0/node/internal_binding/buffer.ts": "781e1d13adc924864e6e37ecb5152e8a4e994cf394695136e451c47f00bda76c",
    "https://deno.land/std@0.165.0/node/internal_binding/cares_wrap.ts": "720e6d5cff7018bb3d00e1a49dd4c31f0fc6af3a593ab68cd39e3592ed163d61",
    "https://deno.land/std@0.165.0/node/internal_binding/config.ts": "e292217d048a33573966b7d25352828d3282921fbcadce8735a20fb3da370cc4",
    "https://deno.land/std@0.165.0/node/internal_binding/connection_wrap.ts": "9debd4210d29c658054476fcb640c900725f564ef35412c56dc79eb07213a7c1",
    "https://deno.land/std@0.165.0/node/internal_binding/constants.ts": "f4afc504137fb21f3908ab549931604968dfa62432b285a0874f41c4cade9ed2",
    "https://deno.land/std@0.165.0/node/internal_binding/contextify.ts": "e292217d048a33573966b7d25352828d3282921fbcadce8735a20fb3da370cc4",
    "https://deno.land/std@0.165.0/node/internal_binding/credentials.ts": "e292217d048a33573966b7d25352828d3282921fbcadce8735a20fb3da370cc4",
    "https://deno.land/std@0.165.0/node/internal_binding/crypto.ts": "d7f39700dc020364edf7f4785e5026bb91f099ce1bd02734182451b1af300c8c",
    "https://deno.land/std@0.165.0/node/internal_binding/errors.ts": "e292217d048a33573966b7d25352828d3282921fbcadce8735a20fb3da370cc4",
    "https://deno.land/std@0.165.0/node/internal_binding/fs.ts": "e292217d048a33573966b7d25352828d3282921fbcadce8735a20fb3da370cc4",
    "https://deno.land/std@0.165.0/node/internal_binding/fs_dir.ts": "e292217d048a33573966b7d25352828d3282921fbcadce8735a20fb3da370cc4",
    "https://deno.land/std@0.165.0/node/internal_binding/fs_event_wrap.ts": "e292217d048a33573966b7d25352828d3282921fbcadce8735a20fb3da370cc4",
    "https://deno.land/std@0.165.0/node/internal_binding/handle_wrap.ts": "71c451060c9f555066d3ebe80de039a4e493a94b76c664450fbefd8f4167eb7e",
    "https://deno.land/std@0.165.0/node/internal_binding/heap_utils.ts": "e292217d048a33573966b7d25352828d3282921fbcadce8735a20fb3da370cc4",
    "https://deno.land/std@0.165.0/node/internal_binding/http_parser.ts": "e292217d048a33573966b7d25352828d3282921fbcadce8735a20fb3da370cc4",
    "https://deno.land/std@0.165.0/node/internal_binding/icu.ts": "e292217d048a33573966b7d25352828d3282921fbcadce8735a20fb3da370cc4",
    "https://deno.land/std@0.165.0/node/internal_binding/inspector.ts": "e292217d048a33573966b7d25352828d3282921fbcadce8735a20fb3da370cc4",
    "https://deno.land/std@0.165.0/node/internal_binding/js_stream.ts": "e292217d048a33573966b7d25352828d3282921fbcadce8735a20fb3da370cc4",
    "https://deno.land/std@0.165.0/node/internal_binding/messaging.ts": "e292217d048a33573966b7d25352828d3282921fbcadce8735a20fb3da370cc4",
    "https://deno.land/std@0.165.0/node/internal_binding/mod.ts": "f68e74e8eed84eaa6b0de24f0f4c47735ed46866d7ee1c5a5e7c0667b4f0540f",
    "https://deno.land/std@0.165.0/node/internal_binding/module_wrap.ts": "e292217d048a33573966b7d25352828d3282921fbcadce8735a20fb3da370cc4",
    "https://deno.land/std@0.165.0/node/internal_binding/native_module.ts": "e292217d048a33573966b7d25352828d3282921fbcadce8735a20fb3da370cc4",
    "https://deno.land/std@0.165.0/node/internal_binding/natives.ts": "e292217d048a33573966b7d25352828d3282921fbcadce8735a20fb3da370cc4",
    "https://deno.land/std@0.165.0/node/internal_binding/node_file.ts": "37d6864897547d95ca24e0f5d01035915db0065bff128bc22191bc93f9ad59ad",
    "https://deno.land/std@0.165.0/node/internal_binding/node_options.ts": "b098e6a1c80fa5003a1669c6828539167ab19337e13d20a47b610144cb888cef",
    "https://deno.land/std@0.165.0/node/internal_binding/options.ts": "e292217d048a33573966b7d25352828d3282921fbcadce8735a20fb3da370cc4",
    "https://deno.land/std@0.165.0/node/internal_binding/os.ts": "e292217d048a33573966b7d25352828d3282921fbcadce8735a20fb3da370cc4",
    "https://deno.land/std@0.165.0/node/internal_binding/performance.ts": "e292217d048a33573966b7d25352828d3282921fbcadce8735a20fb3da370cc4",
    "https://deno.land/std@0.165.0/node/internal_binding/pipe_wrap.ts": "105c73f268cb9ca1c6cebaf4bea089ab12e0c21c8c4e10bb0a14b0abd3e1661e",
    "https://deno.land/std@0.165.0/node/internal_binding/process_methods.ts": "e292217d048a33573966b7d25352828d3282921fbcadce8735a20fb3da370cc4",
    "https://deno.land/std@0.165.0/node/internal_binding/report.ts": "e292217d048a33573966b7d25352828d3282921fbcadce8735a20fb3da370cc4",
    "https://deno.land/std@0.165.0/node/internal_binding/serdes.ts": "e292217d048a33573966b7d25352828d3282921fbcadce8735a20fb3da370cc4",
    "https://deno.land/std@0.165.0/node/internal_binding/signal_wrap.ts": "e292217d048a33573966b7d25352828d3282921fbcadce8735a20fb3da370cc4",
    "https://deno.land/std@0.165.0/node/internal_binding/spawn_sync.ts": "e292217d048a33573966b7d25352828d3282921fbcadce8735a20fb3da370cc4",
    "https://deno.land/std@0.165.0/node/internal_binding/stream_wrap.ts": "ecbd50a6c6ff7f6fea9bdfdc7b3977637cd854814c812b59296458ca2f0fc209",
    "https://deno.land/std@0.165.0/node/internal_binding/string_decoder.ts": "5cb1863763d1e9b458bc21d6f976f16d9c18b3b3f57eaf0ade120aee38fba227",
    "https://deno.land/std@0.165.0/node/internal_binding/symbols.ts": "51cfca9bb6132d42071d4e9e6b68a340a7f274041cfcba3ad02900886e972a6c",
    "https://deno.land/std@0.165.0/node/internal_binding/task_queue.ts": "e292217d048a33573966b7d25352828d3282921fbcadce8735a20fb3da370cc4",
    "https://deno.land/std@0.165.0/node/internal_binding/tcp_wrap.ts": "4217fa10072e048a26f26e5f548b3f38422452c9956265592cac57379a610acb",
    "https://deno.land/std@0.165.0/node/internal_binding/timers.ts": "e292217d048a33573966b7d25352828d3282921fbcadce8735a20fb3da370cc4",
    "https://deno.land/std@0.165.0/node/internal_binding/tls_wrap.ts": "e292217d048a33573966b7d25352828d3282921fbcadce8735a20fb3da370cc4",
    "https://deno.land/std@0.165.0/node/internal_binding/trace_events.ts": "e292217d048a33573966b7d25352828d3282921fbcadce8735a20fb3da370cc4",
    "https://deno.land/std@0.165.0/node/internal_binding/tty_wrap.ts": "e292217d048a33573966b7d25352828d3282921fbcadce8735a20fb3da370cc4",
    "https://deno.land/std@0.165.0/node/internal_binding/types.ts": "4c26fb74ba2e45de553c15014c916df6789529a93171e450d5afb016b4c765e7",
    "https://deno.land/std@0.165.0/node/internal_binding/udp_wrap.ts": "cdd0882eff7e7db631d808608d20f5d1269b40fbcedd4a0972d6ed616a855c79",
    "https://deno.land/std@0.165.0/node/internal_binding/url.ts": "e292217d048a33573966b7d25352828d3282921fbcadce8735a20fb3da370cc4",
    "https://deno.land/std@0.165.0/node/internal_binding/util.ts": "faf5146c3cc3b2d6c26026a818b4a16e91488ab26e63c069f36ba3c3ae24c97b",
    "https://deno.land/std@0.165.0/node/internal_binding/uv.ts": "3a63eebe0b69334bab5e9f037aadde1aef59ab21ab0e4cd01ac588d919be2c75",
    "https://deno.land/std@0.165.0/node/internal_binding/v8.ts": "e292217d048a33573966b7d25352828d3282921fbcadce8735a20fb3da370cc4",
    "https://deno.land/std@0.165.0/node/internal_binding/worker.ts": "e292217d048a33573966b7d25352828d3282921fbcadce8735a20fb3da370cc4",
    "https://deno.land/std@0.165.0/node/internal_binding/zlib.ts": "e292217d048a33573966b7d25352828d3282921fbcadce8735a20fb3da370cc4",
    "https://deno.land/std@0.165.0/node/os.ts": "96b191f0de80cdc914aa3a78de3827a8658387b1b17ccccc6ed58db3e029ec76",
    "https://deno.land/std@0.165.0/node/process.ts": "7180a9e7022d62481daf6fac855f440882137046ef6941f659e8d40c077186be",
    "https://deno.land/std@0.165.0/node/stream.ts": "2c6d5d207d0ad295f396b34fd03a908c1638beb1754bc9c1fccd9a4cdcace8be",
    "https://deno.land/std@0.165.0/node/string_decoder.ts": "39b3846318f3a60cee417673dab0252a6f400af2e0f2a481bb6d74c00524b597",
    "https://deno.land/std@0.165.0/path/_constants.ts": "df1db3ffa6dd6d1252cc9617e5d72165cd2483df90e93833e13580687b6083c3",
    "https://deno.land/std@0.165.0/path/_interface.ts": "ee3b431a336b80cf445441109d089b70d87d5e248f4f90ff906820889ecf8d09",
    "https://deno.land/std@0.165.0/path/_util.ts": "d16be2a16e1204b65f9d0dfc54a9bc472cafe5f4a190b3c8471ec2016ccd1677",
    "https://deno.land/std@0.165.0/path/common.ts": "bee563630abd2d97f99d83c96c2fa0cca7cee103e8cb4e7699ec4d5db7bd2633",
    "https://deno.land/std@0.165.0/path/glob.ts": "cb5255638de1048973c3e69e420c77dc04f75755524cb3b2e160fe9277d939ee",
    "https://deno.land/std@0.165.0/path/mod.ts": "56fec03ad0ebd61b6ab39ddb9b0ddb4c4a5c9f2f4f632e09dd37ec9ebfd722ac",
    "https://deno.land/std@0.165.0/path/posix.ts": "6b63de7097e68c8663c84ccedc0fd977656eb134432d818ecd3a4e122638ac24",
    "https://deno.land/std@0.165.0/path/separator.ts": "fe1816cb765a8068afb3e8f13ad272351c85cbc739af56dacfc7d93d710fe0f9",
    "https://deno.land/std@0.165.0/path/win32.ts": "7cebd2bda6657371adc00061a1d23fdd87bcdf64b4843bb148b0b24c11b40f69",
    "https://deno.land/std@0.165.0/streams/conversion.ts": "555c6c249f3acf85655f2d0af52d1cb3168e40b1c1fa26beefea501b333abe28",
    "https://deno.land/std@0.166.0/_util/asserts.ts": "d0844e9b62510f89ce1f9878b046f6a57bf88f208a10304aab50efcb48365272",
    "https://deno.land/std@0.166.0/_util/os.ts": "8a33345f74990e627b9dfe2de9b040004b08ea5146c7c9e8fe9a29070d193934",
    "https://deno.land/std@0.166.0/async/abortable.ts": "87aa7230be8360c24ad437212311c9e8d4328854baec27b4c7abb26e85515c06",
    "https://deno.land/std@0.166.0/async/deadline.ts": "48ac998d7564969f3e6ec6b6f9bf0217ebd00239b1b2292feba61272d5dd58d0",
    "https://deno.land/std@0.166.0/async/debounce.ts": "dc8b92d4a4fe7eac32c924f2b8d3e62112530db70cadce27042689d82970b350",
    "https://deno.land/std@0.166.0/async/deferred.ts": "d8fb253ffde2a056e4889ef7e90f3928f28be9f9294b6505773d33f136aab4e6",
    "https://deno.land/std@0.166.0/async/delay.ts": "0419dfc993752849692d1f9647edf13407c7facc3509b099381be99ffbc9d699",
    "https://deno.land/std@0.166.0/async/mod.ts": "dd0a8ed4f3984ffabe2fcca7c9f466b7932d57b1864ffee148a5d5388316db6b",
    "https://deno.land/std@0.166.0/async/mux_async_iterator.ts": "3447b28a2a582224a3d4d3596bccbba6e85040da3b97ed64012f7decce98d093",
    "https://deno.land/std@0.166.0/async/pool.ts": "ef9eb97b388543acbf0ac32647121e4dbe629236899586c4d4311a8770fbb239",
    "https://deno.land/std@0.166.0/async/tee.ts": "9af3a3e7612af75861308b52249e167f5ebc3dcfc8a1a4d45462d96606ee2b70",
    "https://deno.land/std@0.166.0/fmt/colors.ts": "9e36a716611dcd2e4865adea9c4bec916b5c60caad4cdcdc630d4974e6bb8bd4",
    "https://deno.land/std@0.166.0/fs/_util.ts": "fdc156f897197f261a1c096dcf8ff9267ed0ff42bd5b31f55053a4763a4bae3b",
    "https://deno.land/std@0.166.0/fs/walk.ts": "0a754cc4696a15bdb175380a4b7deff3eb65be9768cb11d91a4138beee35c2d7",
    "https://deno.land/std@0.166.0/http/server.ts": "e99c1bee8a3f6571ee4cdeb2966efad465b8f6fe62bec1bdb59c1f007cc4d155",
    "https://deno.land/std@0.166.0/path/_constants.ts": "df1db3ffa6dd6d1252cc9617e5d72165cd2483df90e93833e13580687b6083c3",
    "https://deno.land/std@0.166.0/path/_interface.ts": "ee3b431a336b80cf445441109d089b70d87d5e248f4f90ff906820889ecf8d09",
    "https://deno.land/std@0.166.0/path/_util.ts": "d16be2a16e1204b65f9d0dfc54a9bc472cafe5f4a190b3c8471ec2016ccd1677",
    "https://deno.land/std@0.166.0/path/common.ts": "bee563630abd2d97f99d83c96c2fa0cca7cee103e8cb4e7699ec4d5db7bd2633",
    "https://deno.land/std@0.166.0/path/glob.ts": "cb5255638de1048973c3e69e420c77dc04f75755524cb3b2e160fe9277d939ee",
    "https://deno.land/std@0.166.0/path/mod.ts": "56fec03ad0ebd61b6ab39ddb9b0ddb4c4a5c9f2f4f632e09dd37ec9ebfd722ac",
    "https://deno.land/std@0.166.0/path/posix.ts": "6b63de7097e68c8663c84ccedc0fd977656eb134432d818ecd3a4e122638ac24",
    "https://deno.land/std@0.166.0/path/separator.ts": "fe1816cb765a8068afb3e8f13ad272351c85cbc739af56dacfc7d93d710fe0f9",
    "https://deno.land/std@0.166.0/path/win32.ts": "7cebd2bda6657371adc00061a1d23fdd87bcdf64b4843bb148b0b24c11b40f69",
    "https://deno.land/x/deno_cache@0.4.1/auth_tokens.ts": "5fee7e9155e78cedf3f6ff3efacffdb76ac1a76c86978658d9066d4fb0f7326e",
    "https://deno.land/x/deno_cache@0.4.1/cache.ts": "51f72f4299411193d780faac8c09d4e8cbee951f541121ef75fcc0e94e64c195",
    "https://deno.land/x/deno_cache@0.4.1/deno_dir.ts": "f2a9044ce8c7fe1109004cda6be96bf98b08f478ce77e7a07f866eff1bdd933f",
    "https://deno.land/x/deno_cache@0.4.1/deps.ts": "8974097d6c17e65d9a82d39377ae8af7d94d74c25c0cbb5855d2920e063f2343",
    "https://deno.land/x/deno_cache@0.4.1/dirs.ts": "d2fa473ef490a74f2dcb5abb4b9ab92a48d2b5b6320875df2dee64851fa64aa9",
    "https://deno.land/x/deno_cache@0.4.1/disk_cache.ts": "1f3f5232cba4c56412d93bdb324c624e95d5dd179d0578d2121e3ccdf55539f9",
    "https://deno.land/x/deno_cache@0.4.1/file_fetcher.ts": "07a6c5f8fd94bf50a116278cc6012b4921c70d2251d98ce1c9f3c352135c39f7",
    "https://deno.land/x/deno_cache@0.4.1/http_cache.ts": "f632e0d6ec4a5d61ae3987737a72caf5fcdb93670d21032ddb78df41131360cd",
    "https://deno.land/x/deno_cache@0.4.1/mod.ts": "ef1cda9235a93b89cb175fe648372fc0f785add2a43aa29126567a05e3e36195",
    "https://deno.land/x/deno_cache@0.4.1/util.ts": "8cb686526f4be5205b92c819ca2ce82220aa0a8dd3613ef0913f6dc269dbbcfe",
    "https://deno.land/x/deno_graph@0.26.0/lib/deno_graph.generated.js": "2f7ca85b2ceb80ec4b3d1b7f3a504956083258610c7b9a1246238c5b7c68f62d",
    "https://deno.land/x/deno_graph@0.26.0/lib/loader.ts": "380e37e71d0649eb50176a9786795988fc3c47063a520a54b616d7727b0f8629",
    "https://deno.land/x/deno_graph@0.26.0/lib/media_type.ts": "222626d524fa2f9ebcc0ec7c7a7d5dfc74cc401cc46790f7c5e0eab0b0787707",
    "https://deno.land/x/deno_graph@0.26.0/lib/snippets/deno_graph-de651bc9c240ed8d/src/deno_apis.js": "41192baaa550a5c6a146280fae358cede917ae16ec4e4315be51bef6631ca892",
    "https://deno.land/x/deno_graph@0.26.0/lib/types.d.ts": "2bbdbf895321d1df8db511fab00160a0211c09c2e7cac56c522dd6e9ed6d2ef7",
    "https://deno.land/x/deno_graph@0.26.0/mod.ts": "11131ae166580a1c7fa8506ff553751465a81c263d94443f18f353d0c320bc14",
    "https://deno.land/x/emit@0.9.0/lib/emit.generated.js": "7832bd71996a0578be8fb444587a6e54b8c9d5c33397cc6090be338a6c130847",
    "https://deno.land/x/emit@0.9.0/mod.ts": "20fd97493b37308480c288a559311cf950b4b799c8e6a91f86fc77ce9467e248",
    "https://deno.land/x/jose@v4.11.1/index.ts": "5e551713b783fa8658c4e09e8029ba31fc99cb3fc82e9434067708015c26eefb",
    "https://deno.land/x/jose@v4.11.1/jwe/compact/decrypt.ts": "7e3ccd37be00f7e2f7bb762e59c1abc0bf60eef8940aee71d327a1cc3706fb72",
    "https://deno.land/x/jose@v4.11.1/jwe/compact/encrypt.ts": "38225f701ede22fb87bcb73636c51fb1a66127ae981a8a726db3366fcf4490cb",
    "https://deno.land/x/jose@v4.11.1/jwe/flattened/decrypt.ts": "140e2bb36d020384900b7fabc9822dec45eb5ece63e0bb8c4115c371c562b42e",
    "https://deno.land/x/jose@v4.11.1/jwe/flattened/encrypt.ts": "943f65bcc7031a0e088c62656e2b5c17803c1a17323ec3332c767edde9b6e167",
    "https://deno.land/x/jose@v4.11.1/jwe/general/decrypt.ts": "f62252403bf37a6dbd24756dcb18e1214d4596115fdfcb747a032efe9c703aa6",
    "https://deno.land/x/jose@v4.11.1/jwe/general/encrypt.ts": "3eb125e38626e873b8c8a57968b07bba74443b4952c4c6ddb5fd62837076110d",
    "https://deno.land/x/jose@v4.11.1/jwk/embedded.ts": "e78526e63c035bcfc7da9ffa4ea19c95f9dbf5d9e61ae1b7e8d99a6dcf027166",
    "https://deno.land/x/jose@v4.11.1/jwk/thumbprint.ts": "c8cd45c7136fcdde0c47f0d8e50ae06831fa8aae8199d686016f51b605f342e5",
    "https://deno.land/x/jose@v4.11.1/jwks/local.ts": "f733e3d06820ed0653a81558625c06a45caf1b900dae104d5a7918d35aaf5eb8",
    "https://deno.land/x/jose@v4.11.1/jwks/remote.ts": "33ddabc9239fb057dbf4de88358818cb10b4fa34a03aaab0a886ec3aa4173530",
    "https://deno.land/x/jose@v4.11.1/jws/compact/sign.ts": "6368a6a9bfd1776b82b39d593f3270d0f60bee31ed9d391a20edb8292124e6d0",
    "https://deno.land/x/jose@v4.11.1/jws/compact/verify.ts": "64da9b44db007eca3964c33376e52d5febf28ea4286bc1aa8c85b98e43a6b56c",
    "https://deno.land/x/jose@v4.11.1/jws/flattened/sign.ts": "a5d73da31d06d72918a2b38321354fbe26af7ef60f824ce9515678f34836d12e",
    "https://deno.land/x/jose@v4.11.1/jws/flattened/verify.ts": "48a8b37decea4f5be509c41c4c473f70153c20dd618c1623a1f134cdf43f9259",
    "https://deno.land/x/jose@v4.11.1/jws/general/sign.ts": "a354d33a57d0ad8be12e80dba3a8d4825eeb54e79a24d769711c02a05f751e9c",
    "https://deno.land/x/jose@v4.11.1/jws/general/verify.ts": "23d8f6105d9d3ebe459f8f553e60531c252746efab94b36ef3c3fb1bb39b8526",
    "https://deno.land/x/jose@v4.11.1/jwt/decrypt.ts": "0e89a0f182430bd24b9db220ee12678b71bdc092bc5a26ebe38d33a9eda112c3",
    "https://deno.land/x/jose@v4.11.1/jwt/encrypt.ts": "7f1af74acbb810579b668e09a9de525eaaefd0bb7d76941fdc83f0463327e085",
    "https://deno.land/x/jose@v4.11.1/jwt/produce.ts": "dfe55ae98056a40be6fda924144c0656bb19c8bbf3fe35d842efe2d1545df3e4",
    "https://deno.land/x/jose@v4.11.1/jwt/sign.ts": "83bca239e0668598f0588dff75245c154a96409cf4ed7d8aef8583656abb5d61",
    "https://deno.land/x/jose@v4.11.1/jwt/unsecured.ts": "25b7d69be137cb611232ec3c1c0974bdc7b444353f870662b0b9ab95dc7d72c2",
    "https://deno.land/x/jose@v4.11.1/jwt/verify.ts": "efdba13c310b17d683a11f1d83ee9cca0a7a7a350915feec4eb51bba3a588486",
    "https://deno.land/x/jose@v4.11.1/key/export.ts": "251debc31e08c3dad98911a6d52882f689f60203390d1ac2f6aa08413a22a478",
    "https://deno.land/x/jose@v4.11.1/key/generate_key_pair.ts": "06f26d8ba095ad16a2fcb4e871634efed1bc35c201b97a08a220b0decd7d7dda",
    "https://deno.land/x/jose@v4.11.1/key/generate_secret.ts": "08111eada9db10cbefaf1cb0fccfadf414f7b0ce0a98dd09355ec93cd07044a6",
    "https://deno.land/x/jose@v4.11.1/key/import.ts": "3d8b6dcab46f3d87dbba047dee52ce5aef7dccf45ef2c978e45f631c5c5f4af1",
    "https://deno.land/x/jose@v4.11.1/lib/aesgcmkw.ts": "9415c556597be41a4a2f7203fd32fb00d1f06b6b2cfef70d481acec39c7807d6",
    "https://deno.land/x/jose@v4.11.1/lib/buffer_utils.ts": "dad65c92c9baef14cd5366a4131252afa7a5b4f3a068d0244e2df8660ea2bd8e",
    "https://deno.land/x/jose@v4.11.1/lib/cek.ts": "a474becfe1c2d86fbcf3a24cdcd96274beb8d61bd17926e5f345001f39df922b",
    "https://deno.land/x/jose@v4.11.1/lib/check_iv_length.ts": "118eb531167126c8421d71a21f2cfdc10a658c933e178b33395ef3e962c54f80",
    "https://deno.land/x/jose@v4.11.1/lib/check_key_type.ts": "81f5a2c3764464d2b917a1c55c6011d312184e8c68e43bee51565c2db1b166c4",
    "https://deno.land/x/jose@v4.11.1/lib/check_p2s.ts": "2f5549e121c43019ac85a3bb3fe8cb98a397122dcaa80f3cd8bf5fcf314e1f67",
    "https://deno.land/x/jose@v4.11.1/lib/crypto_key.ts": "8bb4add7702867d299638494ee6657af4ba65282a6a58cd799b9d9384cbe3075",
    "https://deno.land/x/jose@v4.11.1/lib/decrypt_key_management.ts": "25553575fa7fb97576cd010ff7d22025b566c75f43406aba5fb0c5b9c56a2e51",
    "https://deno.land/x/jose@v4.11.1/lib/encrypt_key_management.ts": "ec08f264e7dde341171d6272e9db639ae3718cc7047b3117735ab960d9bd01d4",
    "https://deno.land/x/jose@v4.11.1/lib/epoch.ts": "cd608f73f6c100e8156c6020ec2bce6757e01759793f0d6aab23908d3d2ea933",
    "https://deno.land/x/jose@v4.11.1/lib/format_pem.ts": "b5230682e7a89609238015b77f33afd248f3e0f69bcb5895eece2f86d83100f6",
    "https://deno.land/x/jose@v4.11.1/lib/invalid_key_input.ts": "9ca81c899000c18cf1b70ab8221f39b306cc153663e748190307e284fd47ab6a",
    "https://deno.land/x/jose@v4.11.1/lib/is_disjoint.ts": "b5ea1cb260899f5cfb04f032029956e637067714a275d13be429fc53287a4b17",
    "https://deno.land/x/jose@v4.11.1/lib/is_object.ts": "43549ddc51a3b3d4c22b953b191a961fbb61fb5081e8efb88ad075afa1f4d214",
    "https://deno.land/x/jose@v4.11.1/lib/iv.ts": "4766d9ad87b478bb7344094f38c8561181b72f8678edd1b5226d1e0f9ab677fc",
    "https://deno.land/x/jose@v4.11.1/lib/jwt_claims_set.ts": "be81b6b239e5cbc4ca5e7ca67dc0a468bac48331bc5e0da911953e2aee41f6c1",
    "https://deno.land/x/jose@v4.11.1/lib/secs.ts": "03a2f02fda0f76bf431734552a947c2916c699b904ae0d2f90a415931c30e66d",
    "https://deno.land/x/jose@v4.11.1/lib/validate_algorithms.ts": "6b20f4b5f6935cd9edcd6eb2128226144ba792eaa7c47966c666a51baf1682eb",
    "https://deno.land/x/jose@v4.11.1/lib/validate_crit.ts": "6d2b43959ddf432060505ef13af32cb1bf0daff815ef1eae4d7971629566a695",
    "https://deno.land/x/jose@v4.11.1/runtime/aeskw.ts": "a9bd412c6d07b2606520972671a545cdb205f79f0a2e9ec0fb145fb2147319e1",
    "https://deno.land/x/jose@v4.11.1/runtime/asn1.ts": "73bf5ce334687fbfc004da41c04e97733758533ac85661af56d211046755d2d2",
    "https://deno.land/x/jose@v4.11.1/runtime/base64url.ts": "74ecb18b90de56bcc4424b6c911cfe49b56dd4a316978f5c8ee9a23560069636",
    "https://deno.land/x/jose@v4.11.1/runtime/bogus.ts": "4f1c967b0d9b4e7105e16ad8c173da55708f377ee5e201d8ee5fc613f3417f08",
    "https://deno.land/x/jose@v4.11.1/runtime/check_cek_length.ts": "2ee093fcb273602449ed7863ab6bd4dd2a7aeff99507e0573e3cd4b8d8099e5d",
    "https://deno.land/x/jose@v4.11.1/runtime/check_key_length.ts": "5656870cc4460602775134280bf46f17e27100b237bdb5c687aceabeffc8f2a2",
    "https://deno.land/x/jose@v4.11.1/runtime/decrypt.ts": "fc24eadefce13095a4012972a1552f148d9d12d8ed7d1f17ed7c87e00810335f",
    "https://deno.land/x/jose@v4.11.1/runtime/digest.ts": "cee73fad56ce596ffedc56811d174ab413e7981eb847eb67c0e77f213cc2ac2d",
    "https://deno.land/x/jose@v4.11.1/runtime/ecdhes.ts": "74a6f43dde87736179d814312b010087bea0c834f51adc9a93f79664f78cb75f",
    "https://deno.land/x/jose@v4.11.1/runtime/encrypt.ts": "50d400ab152e2d66bffccf7473545097dd69894bc05508530260c8bc0d811638",
    "https://deno.land/x/jose@v4.11.1/runtime/env.ts": "86ff1bc7bda93b6eac6ed4412b6d0675c286b45cf16b8aa839612840f1f95d38",
    "https://deno.land/x/jose@v4.11.1/runtime/fetch_jwks.ts": "34b71aa6bbd51984d1009792499ea17133dcb11bf2f2d8fba60e8090d900fc20",
    "https://deno.land/x/jose@v4.11.1/runtime/generate.ts": "1e1f417e9c5ec6d2a85d508c963c5a837806b2ae654d504f9a5c4e966eca33a6",
    "https://deno.land/x/jose@v4.11.1/runtime/get_sign_verify_key.ts": "f08a086524491a54fb2a0e203819d4ca2b193444aecf6dfbaf6d400431cb439c",
    "https://deno.land/x/jose@v4.11.1/runtime/interfaces.d.ts": "19de45286493ae3cf3c8a920190aff2e58edf0b8cbac20591e970ec0e510a91f",
    "https://deno.land/x/jose@v4.11.1/runtime/is_key_like.ts": "d9660a40820d254843721a53b51eb94a4db39a1ee36103ea8c28e2cc2207599b",
    "https://deno.land/x/jose@v4.11.1/runtime/jwk_to_key.ts": "5f475462c27387872bd0a0cda2c380cc8158a3454a36aa914eb1c84936a5ecb2",
    "https://deno.land/x/jose@v4.11.1/runtime/key_to_jwk.ts": "2af6f52abbe59316fa96771da48538c8f718b6fdd8703d185f8a87ef44c0f064",
    "https://deno.land/x/jose@v4.11.1/runtime/pbes2kw.ts": "1c424aade1ef8c69f0b9db635ff04d873f7c1b2615c7fbef49ee053704912e9d",
    "https://deno.land/x/jose@v4.11.1/runtime/random.ts": "3e9c8d08208e5dc186ae659535f0018303ff3b56615335bf0dfb5904fe36aab7",
    "https://deno.land/x/jose@v4.11.1/runtime/rsaes.ts": "124b6e87d8569b39d6f550b371303c79e9eb28aa0d9b14025eeaffe50282c987",
    "https://deno.land/x/jose@v4.11.1/runtime/sign.ts": "1524f8855538ca5fd607cd681f804ba421b0ec58f562118f3c635324ba053f90",
    "https://deno.land/x/jose@v4.11.1/runtime/subtle_dsa.ts": "764e1b6afccc9c82b831c23fe50875e6faf9c209badd54f37c24588a4505641b",
    "https://deno.land/x/jose@v4.11.1/runtime/subtle_rsaes.ts": "26147da83932ebf7266d69ddd408f269395de05ddde64ba4e1585571bb61bd93",
    "https://deno.land/x/jose@v4.11.1/runtime/timing_safe_equal.ts": "fc5b3f4132cec56630eac4677fef2b519707a9c6a257f8ae86515b0d86ff5f6b",
    "https://deno.land/x/jose@v4.11.1/runtime/verify.ts": "d391e2286b47485247b475016c66999f5146a1cf8331115385a9ba629251c15e",
    "https://deno.land/x/jose@v4.11.1/runtime/webcrypto.ts": "3365b7d62eaa7e6befe5e2f4f67aa7859805c41b87064433b6e70f94501aa36e",
    "https://deno.land/x/jose@v4.11.1/runtime/zlib.ts": "74a4c85d1a6e523282ae927412d58e6789a8d7264b4e966a7df800a97f28a1e1",
    "https://deno.land/x/jose@v4.11.1/types.d.ts": "99881f9ff7a22851dfe30b40a7e31b818fc8041ddf97f77ea490cc3d3989d0ab",
    "https://deno.land/x/jose@v4.11.1/util/base64url.ts": "d2567042684de8bf1e4f1ad67be40ab343ee192ddf1cf12ff1d940d6c1fa2bcb",
    "https://deno.land/x/jose@v4.11.1/util/decode_jwt.ts": "a63c61cd436d1bebab7d88bb905873d92b466774af71396e78f9158e8e7db315",
    "https://deno.land/x/jose@v4.11.1/util/decode_protected_header.ts": "7e202a0d6eec103e03fbd5c97a9b0a5db3e1ce06c428ee57fd8792f96edb31be",
    "https://deno.land/x/jose@v4.11.1/util/errors.ts": "8e23fd03923354b71332fc1266ba796f7795ad946133da77b2d0cc688fc2bcc3",
    "https://deno.land/x/jose@v4.4.0/index.ts": "e77ff3af7f89af2eb83785b032c3850657e62873a26b75201df6d35f5535a2ec",
    "https://deno.land/x/jose@v4.4.0/jwe/compact/decrypt.ts": "bbeb5e54a75696d45e6957dc37ae2d934dbac4ab4de0f0486df3aac96e3272a3",
    "https://deno.land/x/jose@v4.4.0/jwe/compact/encrypt.ts": "844f20b4a73dc9b059f23e58a972734a04a2e5eef58564a076c3576c0417a47d",
    "https://deno.land/x/jose@v4.4.0/jwe/flattened/decrypt.ts": "03e1151e10c01aa3adf6c83c7872e0189cf88842ed972aa77c3ba7a14476339b",
    "https://deno.land/x/jose@v4.4.0/jwe/flattened/encrypt.ts": "d45e3bd297aba71b737071b26684e050f1956d7a5981e2a0aaddc4c168ceb2c2",
    "https://deno.land/x/jose@v4.4.0/jwe/general/decrypt.ts": "4e213af3c0709719e10b9c97a7f618d4301e92b062e6b2e63cc7039e3ae5fe59",
    "https://deno.land/x/jose@v4.4.0/jwe/general/encrypt.ts": "3a8a92542b87174bd3ae89006c62289dd17e9b571de79b3c3c2a7bdc0b319981",
    "https://deno.land/x/jose@v4.4.0/jwk/embedded.ts": "a01423282dc918e2fc9ccf05cd71ef1ff24aa4ad15d10a5ec39ae4e1e4e5fd8e",
    "https://deno.land/x/jose@v4.4.0/jwk/thumbprint.ts": "86db2e797453c76b661c1096e2979187fd00a6061566f35e2404d09934ef4361",
    "https://deno.land/x/jose@v4.4.0/jwks/local.ts": "d0c25348bee22cc68b513ee68049c663c90e25c9a1377142d4a5eab5bebfa5aa",
    "https://deno.land/x/jose@v4.4.0/jwks/remote.ts": "fe1814050fb480650e477ba0578da1b6c8f76a3d7b730ca16cbaee42fdd9e607",
    "https://deno.land/x/jose@v4.4.0/jws/compact/sign.ts": "2230dbb7e92dd507a2c2b0902d55a8f968a7adf008d27a8234ace10bc2900bdd",
    "https://deno.land/x/jose@v4.4.0/jws/compact/verify.ts": "c11b7b082b188e9ece52d22c850031cc3e4aff4a1f129e715ee0d222dd2c435f",
    "https://deno.land/x/jose@v4.4.0/jws/flattened/sign.ts": "2a16a77c309b89d552a35e6ea2f99bc3634171b07a66e8e5f7092e324a901998",
    "https://deno.land/x/jose@v4.4.0/jws/flattened/verify.ts": "be16b075d71c47295e702ddf4273a6a2847e003acdb7e7ac3d69c11da048953a",
    "https://deno.land/x/jose@v4.4.0/jws/general/sign.ts": "962cda55a297911ecca284e43f95768156b7d1ee9902cb095ad1a7cc1839a7bd",
    "https://deno.land/x/jose@v4.4.0/jws/general/verify.ts": "ce4b5d506b4d08d21f73752f322e0dd63571989c3e310228751540d8c341edc0",
    "https://deno.land/x/jose@v4.4.0/jwt/decrypt.ts": "a3ec706ee5ba19e6a0f9220aa5b62bd86a8ab5a87bcbd2112a639ed1259d3659",
    "https://deno.land/x/jose@v4.4.0/jwt/encrypt.ts": "ccbc830865b59264b8d48c1d9a440cd525507cd9994d22e718337c670d71c231",
    "https://deno.land/x/jose@v4.4.0/jwt/produce.ts": "8affc83f934ea721037d58f238cc23e30c0381838ae1b8dc668b499f8b5e1084",
    "https://deno.land/x/jose@v4.4.0/jwt/sign.ts": "c27dc85eb671a4acd91e3090f981f335bbc4387bd8b917df8750cd77d6862a61",
    "https://deno.land/x/jose@v4.4.0/jwt/unsecured.ts": "df310e874020119937767596cc7698da227dc18a7ef72e5fe4f49133ed183974",
    "https://deno.land/x/jose@v4.4.0/jwt/verify.ts": "c66a7ef0a136847bb39b25bfcc3ee42cfe9b8722faf6d8503556a3f6f38e4fbe",
    "https://deno.land/x/jose@v4.4.0/key/export.ts": "b0806846a4ebd02c23a569f604cc07fb218e81fe51ed4ae3350e524798887668",
    "https://deno.land/x/jose@v4.4.0/key/generate_key_pair.ts": "ee81d38d51eda55f40fdf86ff37c66f577ff38776d75b34fe8d47d4e1d60d32a",
    "https://deno.land/x/jose@v4.4.0/key/generate_secret.ts": "6864e16d654c44db68dce2b092c3162f8ae33ebd0720fedb92426a452141f759",
    "https://deno.land/x/jose@v4.4.0/key/import.ts": "9c3249047571cea9753be4aeaf7d27fd5ada258c22997c671847eaa86be23fac",
    "https://deno.land/x/jose@v4.4.0/lib/aesgcmkw.ts": "9415c556597be41a4a2f7203fd32fb00d1f06b6b2cfef70d481acec39c7807d6",
    "https://deno.land/x/jose@v4.4.0/lib/buffer_utils.ts": "81e8f7212caf9090b13ddc9bfcbfab2d2c23d470ea179158caac21e9575a8ef4",
    "https://deno.land/x/jose@v4.4.0/lib/cek.ts": "a474becfe1c2d86fbcf3a24cdcd96274beb8d61bd17926e5f345001f39df922b",
    "https://deno.land/x/jose@v4.4.0/lib/check_iv_length.ts": "118eb531167126c8421d71a21f2cfdc10a658c933e178b33395ef3e962c54f80",
    "https://deno.land/x/jose@v4.4.0/lib/check_key_type.ts": "90a5d17a1f8b3fb170847180454f434121605175c3485c8ef67ff73cfb8e7691",
    "https://deno.land/x/jose@v4.4.0/lib/check_p2s.ts": "2f5549e121c43019ac85a3bb3fe8cb98a397122dcaa80f3cd8bf5fcf314e1f67",
    "https://deno.land/x/jose@v4.4.0/lib/crypto_key.ts": "a4f0ffc10f603417ec4b69bdbb75502b498ba025150e0799e3af073b63c9739c",
    "https://deno.land/x/jose@v4.4.0/lib/decrypt_key_management.ts": "2f8cdf423333ef4fb5870a2f1a80558dd017073b0ad4d0c627792824dba91931",
    "https://deno.land/x/jose@v4.4.0/lib/encrypt_key_management.ts": "e45d3e433ee30089b487ab9342f1bb331c3e95b8c66e4b0bd14b433f2764ea84",
    "https://deno.land/x/jose@v4.4.0/lib/epoch.ts": "cd608f73f6c100e8156c6020ec2bce6757e01759793f0d6aab23908d3d2ea933",
    "https://deno.land/x/jose@v4.4.0/lib/format_pem.ts": "b5230682e7a89609238015b77f33afd248f3e0f69bcb5895eece2f86d83100f6",
    "https://deno.land/x/jose@v4.4.0/lib/invalid_key_input.ts": "8524ead62c3ecd990824306d47f1b0ce9a98a85ef55ffaee201d185b7c89edf4",
    "https://deno.land/x/jose@v4.4.0/lib/is_disjoint.ts": "b5ea1cb260899f5cfb04f032029956e637067714a275d13be429fc53287a4b17",
    "https://deno.land/x/jose@v4.4.0/lib/is_object.ts": "43549ddc51a3b3d4c22b953b191a961fbb61fb5081e8efb88ad075afa1f4d214",
    "https://deno.land/x/jose@v4.4.0/lib/iv.ts": "4766d9ad87b478bb7344094f38c8561181b72f8678edd1b5226d1e0f9ab677fc",
    "https://deno.land/x/jose@v4.4.0/lib/jwt_claims_set.ts": "a01ee9a7dbfa7fe52edc89380b9c6616ccbafbe0881bfac545e188d76127413a",
    "https://deno.land/x/jose@v4.4.0/lib/secs.ts": "03a2f02fda0f76bf431734552a947c2916c699b904ae0d2f90a415931c30e66d",
    "https://deno.land/x/jose@v4.4.0/lib/validate_algorithms.ts": "6b20f4b5f6935cd9edcd6eb2128226144ba792eaa7c47966c666a51baf1682eb",
    "https://deno.land/x/jose@v4.4.0/lib/validate_crit.ts": "6d2b43959ddf432060505ef13af32cb1bf0daff815ef1eae4d7971629566a695",
    "https://deno.land/x/jose@v4.4.0/runtime/aeskw.ts": "a9bd412c6d07b2606520972671a545cdb205f79f0a2e9ec0fb145fb2147319e1",
    "https://deno.land/x/jose@v4.4.0/runtime/asn1.ts": "cc7524f4cad655585e184d7c0d961339be5c1f6112fbc185404f6f02cabe533d",
    "https://deno.land/x/jose@v4.4.0/runtime/base64url.ts": "3772c03d23a47d5da2b93e11018d1f187894be8902be62f6105f143728185f44",
    "https://deno.land/x/jose@v4.4.0/runtime/bogus.ts": "4f1c967b0d9b4e7105e16ad8c173da55708f377ee5e201d8ee5fc613f3417f08",
    "https://deno.land/x/jose@v4.4.0/runtime/check_cek_length.ts": "e261c01cb8968c8d30e343729f08f7d25ae637f13eb71f3c17da966d038749e8",
    "https://deno.land/x/jose@v4.4.0/runtime/check_key_length.ts": "5656870cc4460602775134280bf46f17e27100b237bdb5c687aceabeffc8f2a2",
    "https://deno.land/x/jose@v4.4.0/runtime/decrypt.ts": "fc24eadefce13095a4012972a1552f148d9d12d8ed7d1f17ed7c87e00810335f",
    "https://deno.land/x/jose@v4.4.0/runtime/digest.ts": "cee73fad56ce596ffedc56811d174ab413e7981eb847eb67c0e77f213cc2ac2d",
    "https://deno.land/x/jose@v4.4.0/runtime/ecdhes.ts": "b18b05b091102e5fd3904b0ea21758c558fde4076840a422e28f305a7a5bf17d",
    "https://deno.land/x/jose@v4.4.0/runtime/encrypt.ts": "50d400ab152e2d66bffccf7473545097dd69894bc05508530260c8bc0d811638",
    "https://deno.land/x/jose@v4.4.0/runtime/env.ts": "3fc0557269c138427f4c00a1f21bec1474f1bc60e5c5ecc61a217c597c5cc6a9",
    "https://deno.land/x/jose@v4.4.0/runtime/fetch_jwks.ts": "28c1008ec28e8a0dd6c4d78313f8f22203593615fa078654a962ede3270162d1",
    "https://deno.land/x/jose@v4.4.0/runtime/generate.ts": "f7d7c6324887abc56087e0758c93dbc3150f5e4b4dd8bee17cae0f931afcbcdd",
    "https://deno.land/x/jose@v4.4.0/runtime/get_sign_verify_key.ts": "f08a086524491a54fb2a0e203819d4ca2b193444aecf6dfbaf6d400431cb439c",
    "https://deno.land/x/jose@v4.4.0/runtime/interfaces.d.ts": "19de45286493ae3cf3c8a920190aff2e58edf0b8cbac20591e970ec0e510a91f",
    "https://deno.land/x/jose@v4.4.0/runtime/is_key_like.ts": "d9660a40820d254843721a53b51eb94a4db39a1ee36103ea8c28e2cc2207599b",
    "https://deno.land/x/jose@v4.4.0/runtime/jwk_to_key.ts": "7e88708f6abf7a8c0de62f56c4e8af6070ed9aaddb5a42b09639756ef472546c",
    "https://deno.land/x/jose@v4.4.0/runtime/key_to_jwk.ts": "2af6f52abbe59316fa96771da48538c8f718b6fdd8703d185f8a87ef44c0f064",
    "https://deno.land/x/jose@v4.4.0/runtime/pbes2kw.ts": "9c78df798857cadd2dd237321d71e340c52414c7c6e9513e326c555b1e9ad16a",
    "https://deno.land/x/jose@v4.4.0/runtime/random.ts": "3e9c8d08208e5dc186ae659535f0018303ff3b56615335bf0dfb5904fe36aab7",
    "https://deno.land/x/jose@v4.4.0/runtime/rsaes.ts": "124b6e87d8569b39d6f550b371303c79e9eb28aa0d9b14025eeaffe50282c987",
    "https://deno.land/x/jose@v4.4.0/runtime/sign.ts": "1524f8855538ca5fd607cd681f804ba421b0ec58f562118f3c635324ba053f90",
    "https://deno.land/x/jose@v4.4.0/runtime/subtle_dsa.ts": "5579d45bbcd321036fa8c64056fb651bb1af7cf98f036ffc4ba4df7b61f3c8e2",
    "https://deno.land/x/jose@v4.4.0/runtime/subtle_rsaes.ts": "26147da83932ebf7266d69ddd408f269395de05ddde64ba4e1585571bb61bd93",
    "https://deno.land/x/jose@v4.4.0/runtime/timing_safe_equal.ts": "fc5b3f4132cec56630eac4677fef2b519707a9c6a257f8ae86515b0d86ff5f6b",
    "https://deno.land/x/jose@v4.4.0/runtime/verify.ts": "d391e2286b47485247b475016c66999f5146a1cf8331115385a9ba629251c15e",
    "https://deno.land/x/jose@v4.4.0/runtime/webcrypto.ts": "7075428072d4f0ff6f5c972975b71a9d730f9765bdbb090ba1bf11df293c7d8d",
    "https://deno.land/x/jose@v4.4.0/runtime/zlib.ts": "74a4c85d1a6e523282ae927412d58e6789a8d7264b4e966a7df800a97f28a1e1",
    "https://deno.land/x/jose@v4.4.0/types.d.ts": "f07b912f5eb28eb61fc2ad5c23bb8c7e27bfddb1011e272ab781293f2b2e1b13",
    "https://deno.land/x/jose@v4.4.0/util/base64url.ts": "d2567042684de8bf1e4f1ad67be40ab343ee192ddf1cf12ff1d940d6c1fa2bcb",
    "https://deno.land/x/jose@v4.4.0/util/decode_protected_header.ts": "00c3e86ec4969829568531ac4c52f79f35193759dcd60782e253b4f5e6ac250e",
    "https://deno.land/x/jose@v4.4.0/util/errors.ts": "ca0282ae339b178a26f9e85457f6050993382360ee3bf36dff2379b2ef40b317",
    "https://deno.land/x/shuffle@v1.0.1/mod.ts": "6b6a0e2b0f447b0a3bcf93e6dcb8f27580e5585769927e6cb5cab9dc965d9d5c",
    "https://esm.sh/command-line-args@5.2.1": "d8829d469c5a352fd6972adf1dfbf3d311a6506d9a8b78863c24070549b3a06a",
    "https://esm.sh/command-line-usage@6.1.3": "9610328d6b1ecd00f19824442cc39e473305393e44c2233298fccd56fb81523c",
    "https://esm.sh/mime@3.0.0?no-dts": "cc9f1f70122550c999e712ea405c8709562e8156a117c8553625a9df5ea9bfca",
    "https://esm.sh/relaxed-json@1.0.3": "ea42ee3c028e6df7e9f00677a90bd44fc6c4211033f775427d2244c70a6f6d9c",
    "https://esm.sh/v99/@types/command-line-args@5.2.0/index.d.ts": "629766229f541d92210f30a92b6038568ec165fab14b7ee53bdf13667da37ca3",
    "https://esm.sh/v99/@types/command-line-usage@5.0.2/index.d.ts": "29193c018378ca9c8033eaa974c02c1f503e8fcd8a2bf406057c53f7d3fa17a8",
    "https://esm.sh/v99/@types/relaxed-json@1.0.1/index.d.ts": "0248a583abb2a2b93364f39e42faf53ec4572077306f36e76895e8133a40dc2b",
    "https://esm.sh/v99/ansi-styles@3.2.1/deno/ansi-styles.js": "695795eb2e18523181b799a3392ae96c805f8d1d2d7bd3d03b226def7bbcfa03",
    "https://esm.sh/v99/array-back@4.0.2/deno/array-back.js": "0849b333fd76204784faec14509bca63499914bf38047c3283564807629707a1",
    "https://esm.sh/v99/chalk@2.4.2/deno/chalk.js": "ac91e022966eab150e886cf66dae5250141e088559e86b25bef0e145cc32f20a",
    "https://esm.sh/v99/color-convert@1.9.3/deno/color-convert.js": "67a61793dd94dc9b1544ef4a156dd213a1ba859be803e9b30e9370534de47c45",
    "https://esm.sh/v99/color-name@1.1.3/deno/color-name.js": "91e521e1a5dc98a5655466c457c86a163117c69edd3a9c7d23162787b35b8504",
    "https://esm.sh/v99/command-line-args@5.2.1/deno/command-line-args.js": "36fb4263298007a596fc0d939d6d73cfeda9716af52b257d21be2b3ee470f267",
    "https://esm.sh/v99/command-line-usage@6.1.3/deno/command-line-usage.js": "e2db487ee89a2283efc5ff7099046f5da0c35b0392766f0d313ba47d7a462c3c",
    "https://esm.sh/v99/deep-extend@0.6.0/deno/deep-extend.js": "a82ab76c3e6cef797e08f82951e0966635bd66e2901a0b8d34c0664767fe2c4e",
    "https://esm.sh/v99/escape-string-regexp@1.0.5/deno/escape-string-regexp.js": "65295de159fc0f387ac0aaa220aa74b853d01972b92f3a5fbefa76e4000acaf4",
    "https://esm.sh/v99/lodash.camelcase@4.3.0/deno/lodash.camelcase.js": "1efe90336d641fe5f0cb3ec7ce1d92f7e6527d2db002c875486b5489d0a2b43c",
    "https://esm.sh/v99/mime@3.0.0/deno/mime.js": "6bfa09d32e5c39787d597d2d507718076bb32c498d071ad847d83194bcaf86bd",
    "https://esm.sh/v99/reduce-flatten@2.0.0/deno/reduce-flatten.js": "12779f76548ae6dcaa6b2a19b110a8dcdd1dc0e4824a17575b6b4051096d9e91",
    "https://esm.sh/v99/relaxed-json@1.0.3/deno/relaxed-json.js": "c42e6f2c6f20fffffd8d944df786934a8d27d9eb83cb3113ee9da1f5e8b5713b",
    "https://esm.sh/v99/supports-color@5.5.0/deno/supports-color.js": "dcbeb81f2b0ea373027b21796829f574bd340c51b8c2bfb9f0abeea27678971d",
    "https://esm.sh/v99/table-layout@1.0.2/deno/table-layout.js": "205e342469d1c6cb88541f086ded1f147e6e652a150e6bb02d0a623b8544647a",
    "https://esm.sh/v99/typical@5.2.0/deno/typical.js": "3bb2527aabc6b60db146b646148c1b30537b27bd560c1cab514325b9a307df29",
    "https://esm.sh/v99/wordwrapjs@4.0.1/deno/wordwrapjs.js": "e51baffb14f27561a3087481f01cc62af7f767633af261b1604418a2c592f66e",
    "https://googleapis.deno.dev/_/base@v1/auth/authclient.ts": "02fefb7ab7ef45f4d013e3c26368b9910fa628a94379d48fe157bf0ae175afad",
    "https://googleapis.deno.dev/_/base@v1/auth/jwt.ts": "60a0ce915278fce4626e856c745ea81452cb47c7877715046b02773472cecf15",
    "https://googleapis.deno.dev/_/base@v1/auth/mod.ts": "2564c92422e18c3e714ad829af89ac3c28ae3021c7230fcb6ca3a46edf7efe25",
    "https://googleapis.deno.dev/_/base@v1/mod.ts": "47e055b8ac7e60451fe6909e7bec3a468069f207737d30b811e236573f1b7da2",
    "https://googleapis.deno.dev/_/base@v1/util.ts": "255693bf0ffbcaa62b4a20f87057254ed439f32cc50084e01c6fd760c1ddf2ab",
    "https://googleapis.deno.dev/v1/calendar:v3.ts": "d0f9577b8b2ad339225c4664340ec2d55692827a613f0dd83713bca18848e769"
  }
}
